# This file was autogenerated by Stack.
# You should not edit this file by hand.
# For more information, please see the documentation at:
#   https://docs.haskellstack.org/en/stable/topics/lock_files

packages:
- completed:
    hackage: hspec-2.11.14@sha256:3f64a271b4f00ee277cd34330881682441a45110b3184940384a00fd7a972af2,1766
    pantry-tree:
      sha256: c931de6c82f0c17e044b97b4d8523f20f97165418ea6638e2d6a4085ab63e71f
      size: 584
  original:
    hackage: hspec-2.11.14@sha256:3f64a271b4f00ee277cd34330881682441a45110b3184940384a00fd7a972af2,1766
- completed:
    hackage: QuickCheck-2.17.0.0@sha256:67c9091beacb982b04dd0935d2dd72ca727dd5b41c937ceea05ddef8e78e9792,8947
    pantry-tree:
      sha256: a8f8db5c9d8ca255b79c0a86ab01a78dacefb9eb88613615c6328d1eb52070df
      size: 2809
  original:
    hackage: QuickCheck-2.17.0.0@sha256:67c9091beacb982b04dd0935d2dd72ca727dd5b41c937ceea05ddef8e78e9792,8947
- completed:
    hackage: hspec-core-2.11.14@sha256:0557a07765e6538d98902914546e549be4be8758bdbd91dc827dcd8a90ef8168,7652
    pantry-tree:
      sha256: 67c679d09e595612b1566de5e9147c72c399181fd9da5ed04a85383680bacddf
      size: 6840
  original:
    hackage: hspec-core-2.11.14@sha256:0557a07765e6538d98902914546e549be4be8758bdbd91dc827dcd8a90ef8168,7652
- completed:
    hackage: hspec-discover-2.11.14@sha256:d6567d74efc925ccb27763a22ea53fe4e04d45dd528e8e33e93e8f3b8a29e6c3,2171
    pantry-tree:
      sha256: a7ad465ffb301e938d9a6cbeebdb52e61152de98d597ad6754ff9c0e9be9aa44
      size: 829
  original:
    hackage: hspec-discover-2.11.14@sha256:d6567d74efc925ccb27763a22ea53fe4e04d45dd528e8e33e93e8f3b8a29e6c3,2171
- completed:
    hackage: hspec-expectations-0.8.4@sha256:4237f094a7931202ff57ac6475542b0b314b50a7024550e2b6eb87cfb0d4ff93,1702
    pantry-tree:
      sha256: 87681840d430b84686f83f1ab8b5873b09c349775698665233443914acf9ba2b
      size: 741
  original:
    hackage: hspec-expectations-0.8.4@sha256:4237f094a7931202ff57ac6475542b0b314b50a7024550e2b6eb87cfb0d4ff93,1702
- completed:
    hackage: HUnit-1.6.2.0@sha256:1a79174e8af616117ad39464cac9de205ca923da6582825e97c10786fda933a4,1588
    pantry-tree:
      sha256: 4f20a5a33866171260d0ee1e256c27f53cc84d37a68d498c3e12347f4e3d05b4
      size: 878
  original:
    hackage: HUnit-1.6.2.0@sha256:1a79174e8af616117ad39464cac9de205ca923da6582825e97c10786fda933a4,1588
- completed:
    hackage: ansi-terminal-1.1.3@sha256:4b26711a95ec724284cdf41aaebc624d9f8a51799424f90ab09d1276bb154e7f,2760
    pantry-tree:
      sha256: 0e6b11cf28ef2453ea39cbcedf60dccd40634807b90f2e678ae1bcf4b2c7c02e
      size: 1110
  original:
    hackage: ansi-terminal-1.1.3@sha256:4b26711a95ec724284cdf41aaebc624d9f8a51799424f90ab09d1276bb154e7f,2760
- completed:
    hackage: call-stack-0.4.0@sha256:ac44d2c00931dc20b01750da8c92ec443eb63a7231e8550188cb2ac2385f7feb,1200
    pantry-tree:
      sha256: 04134fa69cdd824b4e4bb7f77e7173e0705f27deabdbbf99549c549400191e1e
      size: 501
  original:
    hackage: call-stack-0.4.0@sha256:ac44d2c00931dc20b01750da8c92ec443eb63a7231e8550188cb2ac2385f7feb,1200
- completed:
    hackage: haskell-lexer-1.2.1@sha256:393300e223f7b84c334d87780481bcede98392aa8bd82bc882d76b54b7d1c699,1279
    pantry-tree:
      sha256: 8e533ad0dbb5b7cff21bc44767b88d5c152102979e7f465ca2402af21d6722c6
      size: 588
  original:
    hackage: haskell-lexer-1.2.1@sha256:393300e223f7b84c334d87780481bcede98392aa8bd82bc882d76b54b7d1c699,1279
- completed:
    hackage: quickcheck-io-0.2.0@sha256:7bf0b68fb90873825eb2e5e958c1b76126dcf984debb998e81673e6d837e0b2d,1133
    pantry-tree:
      sha256: afaa27fbf8b35aa7ce174abd9c59a84a12fd7f3d08300c3280b22c1d204f11ca
      size: 223
  original:
    hackage: quickcheck-io-0.2.0@sha256:7bf0b68fb90873825eb2e5e958c1b76126dcf984debb998e81673e6d837e0b2d,1133
- completed:
    hackage: random-1.3.1@sha256:0b4f649c3e78713b2ccad1535251ee34b148237fb2229d7058c2b1d9ccc324b8,6004
    pantry-tree:
      sha256: 9e92209c00b0c00b7d1c503e15a27b67b74ac2e3b48269a9255893b06de6836c
      size: 1667
  original:
    hackage: random-1.3.1@sha256:0b4f649c3e78713b2ccad1535251ee34b148237fb2229d7058c2b1d9ccc324b8,6004
- completed:
    hackage: splitmix-0.1.3.1@sha256:d0002f3fb16a2cc5ba8afd47a6657726386edccfe8853d310e3479fe3b45201b,6552
    pantry-tree:
      sha256: ee5cc5c14fc38941b91318872f8fe131881b35379a1b5b2b563ba739417661af
      size: 1642
  original:
    hackage: splitmix-0.1.3.1@sha256:d0002f3fb16a2cc5ba8afd47a6657726386edccfe8853d310e3479fe3b45201b,6552
- completed:
    hackage: tf-random-0.5@sha256:14012837d0f0e18fdbbe3d56e67da8622ee5e20b180abce952dd50bd9f36b326,3983
    pantry-tree:
      sha256: d6483580cfea846cbf23ff1d7a67849546d5096425b6d61318a34554043b4ffb
      size: 941
  original:
    hackage: tf-random-0.5@sha256:14012837d0f0e18fdbbe3d56e67da8622ee5e20b180abce952dd50bd9f36b326,3983
- completed:
    hackage: ansi-terminal-types-1.1.3@sha256:1d6061eceaf35a9ed269b81177dd4c8c60403a499526f7f68fdffa4ec7842e7f,1523
    pantry-tree:
      sha256: 99497d3d290b931b8aa15e341f74c14b9da8312f7610987973f634c68f640c69
      size: 365
  original:
    hackage: ansi-terminal-types-1.1.3@sha256:1d6061eceaf35a9ed269b81177dd4c8c60403a499526f7f68fdffa4ec7842e7f,1523
- completed:
    hackage: colour-2.3.6@sha256:ebdcbf15023958838a527e381ab3c3b1e99ed12d1b25efeb7feaa4ad8c37664a,2378
    pantry-tree:
      sha256: 03f8e22f364deb86098dbfbe0bf83c896437b2355f139abdac0402658fb6ac7e
      size: 1183
  original:
    hackage: colour-2.3.6@sha256:ebdcbf15023958838a527e381ab3c3b1e99ed12d1b25efeb7feaa4ad8c37664a,2378
- completed:
    hackage: primitive-0.9.1.0@sha256:dfdd6572944c11e69208237dd32a2eb9d975b4f4e9064a7b8dc952cb0e256846,3119
    pantry-tree:
      sha256: bb4a27a63645ef32b7533869c303b16ae9dd58962ccaa86bebe1c06fd7e18301
      size: 1793
  original:
    hackage: primitive-0.9.1.0@sha256:dfdd6572944c11e69208237dd32a2eb9d975b4f4e9064a7b8dc952cb0e256846,3119
snapshots: []
